
Microsoft Visual Studio Solution File, Format Version 12.00
# Visual Studio Version 17
VisualStudioVersion = 17.5.002.0
MinimumVisualStudioVersion = 10.0.40219.1
Project("{9A19103F-16F7-4668-BE54-9A1E7A4F7556}") = "Task1", "Task1\Task1.csproj", "{814A15C9-1A09-4484-A4AA-F7DCEA2564FD}"
EndProject
Project("{9A19103F-16F7-4668-BE54-9A1E7A4F7556}") = "Task2", "Task2\Task2.csproj", "{1136F64A-8505-40F7-B19E-F7A8C06CBCE3}"
EndProject
Project("{9A19103F-16F7-4668-BE54-9A1E7A4F7556}") = "Task3", "Task3\Task3.csproj", "{A75B4F99-2220-4F57-BE1F-5F5979E1BDE1}"
EndProject
Global
	GlobalSection(SolutionConfigurationPlatforms) = preSolution
		Debug|Any CPU = Debug|Any CPU
		Release|Any CPU = Release|Any CPU
	EndGlobalSection
	GlobalSection(ProjectConfigurationPlatforms) = postSolution
		{814A15C9-1A09-4484-A4AA-F7DCEA2564FD}.Debug|Any CPU.ActiveCfg = Debug|Any CPU
		{814A15C9-1A09-4484-A4AA-F7DCEA2564FD}.Debug|Any CPU.Build.0 = Debug|Any CPU
		{814A15C9-1A09-4484-A4AA-F7DCEA2564FD}.Release|Any CPU.ActiveCfg = Release|Any CPU
		{814A15C9-1A09-4484-A4AA-F7DCEA2564FD}.Release|Any CPU.Build.0 = Release|Any CPU
		{1136F64A-8505-40F7-B19E-F7A8C06CBCE3}.Debug|Any CPU.ActiveCfg = Debug|Any CPU
		{1136F64A-8505-40F7-B19E-F7A8C06CBCE3}.Debug|Any CPU.Build.0 = Debug|Any CPU
		{1136F64A-8505-40F7-B19E-F7A8C06CBCE3}.Release|Any CPU.ActiveCfg = Release|Any CPU
		{1136F64A-8505-40F7-B19E-F7A8C06CBCE3}.Release|Any CPU.Build.0 = Release|Any CPU
		{A75B4F99-2220-4F57-BE1F-5F5979E1BDE1}.Debug|Any CPU.ActiveCfg = Debug|Any CPU
		{A75B4F99-2220-4F57-BE1F-5F5979E1BDE1}.Debug|Any CPU.Build.0 = Debug|Any CPU
		{A75B4F99-2220-4F57-BE1F-5F5979E1BDE1}.Release|Any CPU.ActiveCfg = Release|Any CPU
		{A75B4F99-2220-4F57-BE1F-5F5979E1BDE1}.Release|Any CPU.Build.0 = Release|Any CPU
	EndGlobalSection
	GlobalSection(SolutionProperties) = preSolution
		HideSolutionNode = FALSE
	EndGlobalSection
	GlobalSection(ExtensibilityGlobals) = postSolution
		SolutionGuid = {C8C60384-96A5-4CE3-9FDA-9863BAB52695}
	EndGlobalSection
EndGlobal
